// !$*UTF8*$!
{
	archiveVersion = 1;
	classes = {
	};
	objectVersion = 48;
	objects = {

/* Begin PBXBuildFile section */
		1F461EBD20A33A1F003E1747 /* AppDelegate.swift in Sources */ = {isa = PBXBuildFile; fileRef = 1F461EBC20A33A1F003E1747 /* AppDelegate.swift */; };
		1F461EBF20A33A1F003E1747 /* ViewController.swift in Sources */ = {isa = PBXBuildFile; fileRef = 1F461EBE20A33A1F003E1747 /* ViewController.swift */; };
		1F461EC220A33A1F003E1747 /* Main.storyboard in Resources */ = {isa = PBXBuildFile; fileRef = 1F461EC020A33A1F003E1747 /* Main.storyboard */; };
		1F461EC520A33A1F003E1747 /* SearchApp.xcdatamodeld in Sources */ = {isa = PBXBuildFile; fileRef = 1F461EC320A33A1F003E1747 /* SearchApp.xcdatamodeld */; };
		1F461EC720A33A21003E1747 /* Assets.xcassets in Resources */ = {isa = PBXBuildFile; fileRef = 1F461EC620A33A21003E1747 /* Assets.xcassets */; };
		1F461ECA20A33A21003E1747 /* LaunchScreen.storyboard in Resources */ = {isa = PBXBuildFile; fileRef = 1F461EC820A33A21003E1747 /* LaunchScreen.storyboard */; };
		1F461EEB20A37B00003E1747 /* TMObserverTests.swift in Sources */ = {isa = PBXBuildFile; fileRef = 1F1D1EFD208FB32A00497056 /* TMObserverTests.swift */; };
		1F461EEC20A37BEE003E1747 /* TMObserver.swift in Sources */ = {isa = PBXBuildFile; fileRef = 1FADF50D20866C840015C269 /* TMObserver.swift */; };
		1F461EED20A37BF6003E1747 /* ATM.swift in Sources */ = {isa = PBXBuildFile; fileRef = 1F1D1EFF2090CFA200497056 /* ATM.swift */; };
		1F461EEE20A37BF9003E1747 /* S3.swift in Sources */ = {isa = PBXBuildFile; fileRef = 1F4BB8C7209E4DAC00F3F713 /* S3.swift */; };
		1F461EEF20A37BFC003E1747 /* Extensions.swift in Sources */ = {isa = PBXBuildFile; fileRef = 1FADF52E2086E8AC0015C269 /* Extensions.swift */; };
		1F461EF120A48968003E1747 /* ATMTests.swift in Sources */ = {isa = PBXBuildFile; fileRef = 1F461EF020A48968003E1747 /* ATMTests.swift */; };
		1F461EF320A492EE003E1747 /* S3Test.swift in Sources */ = {isa = PBXBuildFile; fileRef = 1F461EF220A492EE003E1747 /* S3Test.swift */; };
		6B6B3E4268466188EFF57620 /* Pods_SearchAppUITests.framework in Frameworks */ = {isa = PBXBuildFile; fileRef = 63F0CE866D9FB3B86403E705 /* Pods_SearchAppUITests.framework */; };
/* End PBXBuildFile section */

/* Begin PBXContainerItemProxy section */
		1F461EDC20A33A21003E1747 /* PBXContainerItemProxy */ = {
			isa = PBXContainerItemProxy;
			containerPortal = 1FCF022D2084211B0087FAF4 /* Project object */;
			proxyType = 1;
			remoteGlobalIDString = 1F461EB920A33A1F003E1747;
			remoteInfo = SearchApp;
		};
/* End PBXContainerItemProxy section */

/* Begin PBXFileReference section */
		18122BAF5AEFA338ED14B68E /* Pods_UITM.framework */ = {isa = PBXFileReference; explicitFileType = wrapper.framework; includeInIndex = 0; path = Pods_UITM.framework; sourceTree = BUILT_PRODUCTS_DIR; };
		1F1D1EFD208FB32A00497056 /* TMObserverTests.swift */ = {isa = PBXFileReference; lastKnownFileType = sourcecode.swift; path = TMObserverTests.swift; sourceTree = "<group>"; };
		1F1D1EFF2090CFA200497056 /* ATM.swift */ = {isa = PBXFileReference; lastKnownFileType = sourcecode.swift; path = ATM.swift; sourceTree = "<group>"; };
		1F461EBA20A33A1F003E1747 /* SearchApp.app */ = {isa = PBXFileReference; explicitFileType = wrapper.application; includeInIndex = 0; path = SearchApp.app; sourceTree = BUILT_PRODUCTS_DIR; };
		1F461EBC20A33A1F003E1747 /* AppDelegate.swift */ = {isa = PBXFileReference; lastKnownFileType = sourcecode.swift; path = AppDelegate.swift; sourceTree = "<group>"; };
		1F461EBE20A33A1F003E1747 /* ViewController.swift */ = {isa = PBXFileReference; lastKnownFileType = sourcecode.swift; path = ViewController.swift; sourceTree = "<group>"; };
		1F461EC120A33A1F003E1747 /* Base */ = {isa = PBXFileReference; lastKnownFileType = file.storyboard; name = Base; path = Base.lproj/Main.storyboard; sourceTree = "<group>"; };
		1F461EC420A33A1F003E1747 /* SearchApp.xcdatamodel */ = {isa = PBXFileReference; lastKnownFileType = wrapper.xcdatamodel; path = SearchApp.xcdatamodel; sourceTree = "<group>"; };
		1F461EC620A33A21003E1747 /* Assets.xcassets */ = {isa = PBXFileReference; lastKnownFileType = folder.assetcatalog; path = Assets.xcassets; sourceTree = "<group>"; };
		1F461EC920A33A21003E1747 /* Base */ = {isa = PBXFileReference; lastKnownFileType = file.storyboard; name = Base; path = Base.lproj/LaunchScreen.storyboard; sourceTree = "<group>"; };
		1F461ECB20A33A21003E1747 /* Info.plist */ = {isa = PBXFileReference; lastKnownFileType = text.plist.xml; path = Info.plist; sourceTree = "<group>"; };
		1F461EDB20A33A21003E1747 /* SearchAppUITests.xctest */ = {isa = PBXFileReference; explicitFileType = wrapper.cfbundle; includeInIndex = 0; path = SearchAppUITests.xctest; sourceTree = BUILT_PRODUCTS_DIR; };
		1F461EE120A33A21003E1747 /* Info.plist */ = {isa = PBXFileReference; lastKnownFileType = text.plist.xml; path = Info.plist; sourceTree = "<group>"; };
		1F461EF020A48968003E1747 /* ATMTests.swift */ = {isa = PBXFileReference; lastKnownFileType = sourcecode.swift; path = ATMTests.swift; sourceTree = "<group>"; };
		1F461EF220A492EE003E1747 /* S3Test.swift */ = {isa = PBXFileReference; lastKnownFileType = sourcecode.swift; path = S3Test.swift; sourceTree = "<group>"; };
		1F4BB8C7209E4DAC00F3F713 /* S3.swift */ = {isa = PBXFileReference; lastKnownFileType = sourcecode.swift; path = S3.swift; sourceTree = "<group>"; };
		1FADF50D20866C840015C269 /* TMObserver.swift */ = {isa = PBXFileReference; lastKnownFileType = sourcecode.swift; path = TMObserver.swift; sourceTree = "<group>"; };
		1FADF52E2086E8AC0015C269 /* Extensions.swift */ = {isa = PBXFileReference; fileEncoding = 4; lastKnownFileType = sourcecode.swift; path = Extensions.swift; sourceTree = "<group>"; };
		5F94C34D3EDEE67BE522BB82 /* Pods_test.framework */ = {isa = PBXFileReference; explicitFileType = wrapper.framework; includeInIndex = 0; path = Pods_test.framework; sourceTree = BUILT_PRODUCTS_DIR; };
		63F0CE866D9FB3B86403E705 /* Pods_SearchAppUITests.framework */ = {isa = PBXFileReference; explicitFileType = wrapper.framework; includeInIndex = 0; path = Pods_SearchAppUITests.framework; sourceTree = BUILT_PRODUCTS_DIR; };
		8C091CCC9B19D101A6AE2381 /* Pods-test.release.xcconfig */ = {isa = PBXFileReference; includeInIndex = 1; lastKnownFileType = text.xcconfig; name = "Pods-test.release.xcconfig"; path = "Pods/Target Support Files/Pods-test/Pods-test.release.xcconfig"; sourceTree = "<group>"; };
		8E9574FFF231062BFA4EB29B /* Pods-SearchAppUITests.debug.xcconfig */ = {isa = PBXFileReference; includeInIndex = 1; lastKnownFileType = text.xcconfig; name = "Pods-SearchAppUITests.debug.xcconfig"; path = "Pods/Target Support Files/Pods-SearchAppUITests/Pods-SearchAppUITests.debug.xcconfig"; sourceTree = "<group>"; };
		B1F0B661811ABBADD36B4347 /* Pods-SearchAppUITests.release.xcconfig */ = {isa = PBXFileReference; includeInIndex = 1; lastKnownFileType = text.xcconfig; name = "Pods-SearchAppUITests.release.xcconfig"; path = "Pods/Target Support Files/Pods-SearchAppUITests/Pods-SearchAppUITests.release.xcconfig"; sourceTree = "<group>"; };
		B51957DAB8D7883DD244FE53 /* Pods_UITMTests.framework */ = {isa = PBXFileReference; explicitFileType = wrapper.framework; includeInIndex = 0; path = Pods_UITMTests.framework; sourceTree = BUILT_PRODUCTS_DIR; };
		C42AD0B7280CC618E7D3D20B /* Pods-test.debug.xcconfig */ = {isa = PBXFileReference; includeInIndex = 1; lastKnownFileType = text.xcconfig; name = "Pods-test.debug.xcconfig"; path = "Pods/Target Support Files/Pods-test/Pods-test.debug.xcconfig"; sourceTree = "<group>"; };
		E28D717875B9741F5E220E05 /* Pods-UITMTests.release.xcconfig */ = {isa = PBXFileReference; includeInIndex = 1; lastKnownFileType = text.xcconfig; name = "Pods-UITMTests.release.xcconfig"; path = "Pods/Target Support Files/Pods-UITMTests/Pods-UITMTests.release.xcconfig"; sourceTree = "<group>"; };
		ECD5597535830CB51892614E /* Pods-UITMTests.debug.xcconfig */ = {isa = PBXFileReference; includeInIndex = 1; lastKnownFileType = text.xcconfig; name = "Pods-UITMTests.debug.xcconfig"; path = "Pods/Target Support Files/Pods-UITMTests/Pods-UITMTests.debug.xcconfig"; sourceTree = "<group>"; };
/* End PBXFileReference section */

/* Begin PBXFrameworksBuildPhase section */
		1F461EB720A33A1F003E1747 /* Frameworks */ = {
			isa = PBXFrameworksBuildPhase;
			buildActionMask = 2147483647;
			files = (
			);
			runOnlyForDeploymentPostprocessing = 0;
		};
		1F461ED820A33A21003E1747 /* Frameworks */ = {
			isa = PBXFrameworksBuildPhase;
			buildActionMask = 2147483647;
			files = (
				6B6B3E4268466188EFF57620 /* Pods_SearchAppUITests.framework in Frameworks */,
			);
			runOnlyForDeploymentPostprocessing = 0;
		};
/* End PBXFrameworksBuildPhase section */

/* Begin PBXGroup section */
		1F461EB520A3374C003E1747 /* Sources */ = {
			isa = PBXGroup;
			children = (
				1FADF52E2086E8AC0015C269 /* Extensions.swift */,
				1FADF50D20866C840015C269 /* TMObserver.swift */,
				1F1D1EFF2090CFA200497056 /* ATM.swift */,
				1F4BB8C7209E4DAC00F3F713 /* S3.swift */,
			);
			path = Sources;
			sourceTree = "<group>";
		};
		1F461EBB20A33A1F003E1747 /* SearchApp */ = {
			isa = PBXGroup;
			children = (
				1F461EBC20A33A1F003E1747 /* AppDelegate.swift */,
				1F461EBE20A33A1F003E1747 /* ViewController.swift */,
				1F461EC020A33A1F003E1747 /* Main.storyboard */,
				1F461EC620A33A21003E1747 /* Assets.xcassets */,
				1F461EC820A33A21003E1747 /* LaunchScreen.storyboard */,
				1F461ECB20A33A21003E1747 /* Info.plist */,
				1F461EC320A33A1F003E1747 /* SearchApp.xcdatamodeld */,
			);
			path = SearchApp;
			sourceTree = "<group>";
		};
		1F461EDE20A33A21003E1747 /* SearchAppUITests */ = {
			isa = PBXGroup;
			children = (
				1F461EF220A492EE003E1747 /* S3Test.swift */,
				1F461EF020A48968003E1747 /* ATMTests.swift */,
				1F1D1EFD208FB32A00497056 /* TMObserverTests.swift */,
				1F461EE120A33A21003E1747 /* Info.plist */,
			);
			path = SearchAppUITests;
			sourceTree = "<group>";
		};
		1FCF022C2084211B0087FAF4 = {
			isa = PBXGroup;
			children = (
				1F461EB520A3374C003E1747 /* Sources */,
				1F461EBB20A33A1F003E1747 /* SearchApp */,
				1F461EDE20A33A21003E1747 /* SearchAppUITests */,
				1FCF02372084211B0087FAF4 /* Products */,
				7579210652AC6117577361C7 /* Pods */,
				4A51F27967C8AF19956CF679 /* Frameworks */,
			);
			sourceTree = "<group>";
		};
		1FCF02372084211B0087FAF4 /* Products */ = {
			isa = PBXGroup;
			children = (
				1F461EBA20A33A1F003E1747 /* SearchApp.app */,
				1F461EDB20A33A21003E1747 /* SearchAppUITests.xctest */,
			);
			name = Products;
			sourceTree = "<group>";
		};
		4A51F27967C8AF19956CF679 /* Frameworks */ = {
			isa = PBXGroup;
			children = (
				18122BAF5AEFA338ED14B68E /* Pods_UITM.framework */,
				B51957DAB8D7883DD244FE53 /* Pods_UITMTests.framework */,
				5F94C34D3EDEE67BE522BB82 /* Pods_test.framework */,
				63F0CE866D9FB3B86403E705 /* Pods_SearchAppUITests.framework */,
			);
			name = Frameworks;
			sourceTree = "<group>";
		};
		7579210652AC6117577361C7 /* Pods */ = {
			isa = PBXGroup;
			children = (
				ECD5597535830CB51892614E /* Pods-UITMTests.debug.xcconfig */,
				E28D717875B9741F5E220E05 /* Pods-UITMTests.release.xcconfig */,
				C42AD0B7280CC618E7D3D20B /* Pods-test.debug.xcconfig */,
				8C091CCC9B19D101A6AE2381 /* Pods-test.release.xcconfig */,
				8E9574FFF231062BFA4EB29B /* Pods-SearchAppUITests.debug.xcconfig */,
				B1F0B661811ABBADD36B4347 /* Pods-SearchAppUITests.release.xcconfig */,
			);
			name = Pods;
			sourceTree = "<group>";
		};
/* End PBXGroup section */

/* Begin PBXNativeTarget section */
		1F461EB920A33A1F003E1747 /* SearchApp */ = {
			isa = PBXNativeTarget;
			buildConfigurationList = 1F461EE220A33A21003E1747 /* Build configuration list for PBXNativeTarget "SearchApp" */;
			buildPhases = (
				1F461EB620A33A1F003E1747 /* Sources */,
				1F461EB720A33A1F003E1747 /* Frameworks */,
				1F461EB820A33A1F003E1747 /* Resources */,
			);
			buildRules = (
			);
			dependencies = (
			);
			name = SearchApp;
			productName = SearchApp;
			productReference = 1F461EBA20A33A1F003E1747 /* SearchApp.app */;
			productType = "com.apple.product-type.application";
		};
		1F461EDA20A33A21003E1747 /* SearchAppUITests */ = {
			isa = PBXNativeTarget;
			buildConfigurationList = 1F461EE820A33A21003E1747 /* Build configuration list for PBXNativeTarget "SearchAppUITests" */;
			buildPhases = (
				7C0CBBE7D2B0B5F642D2E138 /* [CP] Check Pods Manifest.lock */,
				1F461ED720A33A21003E1747 /* Sources */,
				1F461ED820A33A21003E1747 /* Frameworks */,
				1F461ED920A33A21003E1747 /* Resources */,
				B6E7FC62C7AB7F86B8951FE1 /* [CP] Embed Pods Frameworks */,
				FA055D1890BE74CB3DFB0AF5 /* [CP] Copy Pods Resources */,
			);
			buildRules = (
			);
			dependencies = (
				1F461EDD20A33A21003E1747 /* PBXTargetDependency */,
			);
			name = SearchAppUITests;
			productName = SearchAppUITests;
			productReference = 1F461EDB20A33A21003E1747 /* SearchAppUITests.xctest */;
			productType = "com.apple.product-type.bundle.ui-testing";
		};
/* End PBXNativeTarget section */

/* Begin PBXProject section */
		1FCF022D2084211B0087FAF4 /* Project object */ = {
			isa = PBXProject;
			attributes = {
				LastSwiftUpdateCheck = 0930;
				LastUpgradeCheck = 0920;
				ORGANIZATIONNAME = lcl;
				TargetAttributes = {
					1F461EB920A33A1F003E1747 = {
						CreatedOnToolsVersion = 9.3;
						ProvisioningStyle = Automatic;
					};
					1F461EDA20A33A21003E1747 = {
						CreatedOnToolsVersion = 9.3;
						ProvisioningStyle = Automatic;
						TestTargetID = 1F461EB920A33A1F003E1747;
					};
				};
			};
			buildConfigurationList = 1FCF02302084211B0087FAF4 /* Build configuration list for PBXProject "UITM" */;
			compatibilityVersion = "Xcode 8.0";
			developmentRegion = en;
			hasScannedForEncodings = 0;
			knownRegions = (
				en,
				Base,
			);
			mainGroup = 1FCF022C2084211B0087FAF4;
			productRefGroup = 1FCF02372084211B0087FAF4 /* Products */;
			projectDirPath = "";
			projectRoot = "";
			targets = (
				1F461EB920A33A1F003E1747 /* SearchApp */,
				1F461EDA20A33A21003E1747 /* SearchAppUITests */,
			);
		};
/* End PBXProject section */

/* Begin PBXResourcesBuildPhase section */
		1F461EB820A33A1F003E1747 /* Resources */ = {
			isa = PBXResourcesBuildPhase;
			buildActionMask = 2147483647;
			files = (
				1F461ECA20A33A21003E1747 /* LaunchScreen.storyboard in Resources */,
				1F461EC720A33A21003E1747 /* Assets.xcassets in Resources */,
				1F461EC220A33A1F003E1747 /* Main.storyboard in Resources */,
			);
			runOnlyForDeploymentPostprocessing = 0;
		};
		1F461ED920A33A21003E1747 /* Resources */ = {
			isa = PBXResourcesBuildPhase;
			buildActionMask = 2147483647;
			files = (
			);
			runOnlyForDeploymentPostprocessing = 0;
		};
/* End PBXResourcesBuildPhase section */

/* Begin PBXShellScriptBuildPhase section */
		7C0CBBE7D2B0B5F642D2E138 /* [CP] Check Pods Manifest.lock */ = {
			isa = PBXShellScriptBuildPhase;
			buildActionMask = 2147483647;
			files = (
			);
			inputPaths = (
				"${PODS_PODFILE_DIR_PATH}/Podfile.lock",
				"${PODS_ROOT}/Manifest.lock",
			);
			name = "[CP] Check Pods Manifest.lock";
			outputPaths = (
				"$(DERIVED_FILE_DIR)/Pods-SearchAppUITests-checkManifestLockResult.txt",
			);
			runOnlyForDeploymentPostprocessing = 0;
			shellPath = /bin/sh;
			shellScript = "diff \"${PODS_PODFILE_DIR_PATH}/Podfile.lock\" \"${PODS_ROOT}/Manifest.lock\" > /dev/null\nif [ $? != 0 ] ; then\n    # print error to STDERR\n    echo \"error: The sandbox is not in sync with the Podfile.lock. Run 'pod install' or update your CocoaPods installation.\" >&2\n    exit 1\nfi\n# This output is used by Xcode 'outputs' to avoid re-running this script phase.\necho \"SUCCESS\" > \"${SCRIPT_OUTPUT_FILE_0}\"\n";
			showEnvVarsInLog = 0;
		};
		B6E7FC62C7AB7F86B8951FE1 /* [CP] Embed Pods Frameworks */ = {
			isa = PBXShellScriptBuildPhase;
			buildActionMask = 2147483647;
			files = (
			);
			inputPaths = (
				"${SRCROOT}/Pods/Target Support Files/Pods-SearchAppUITests/Pods-SearchAppUITests-frameworks.sh",
				"${BUILT_PRODUCTS_DIR}/AWSCognito/AWSCognito.framework",
				"${BUILT_PRODUCTS_DIR}/AWSCore/AWSCore.framework",
				"${BUILT_PRODUCTS_DIR}/AWSS3/AWSS3.framework",
				"${BUILT_PRODUCTS_DIR}/Alamofire/Alamofire.framework",
				"${BUILT_PRODUCTS_DIR}/Alamofire-Synchronous/Alamofire_Synchronous.framework",
			);
			name = "[CP] Embed Pods Frameworks";
			outputPaths = (
				"${TARGET_BUILD_DIR}/${FRAMEWORKS_FOLDER_PATH}/AWSCognito.framework",
				"${TARGET_BUILD_DIR}/${FRAMEWORKS_FOLDER_PATH}/AWSCore.framework",
				"${TARGET_BUILD_DIR}/${FRAMEWORKS_FOLDER_PATH}/AWSS3.framework",
				"${TARGET_BUILD_DIR}/${FRAMEWORKS_FOLDER_PATH}/Alamofire.framework",
				"${TARGET_BUILD_DIR}/${FRAMEWORKS_FOLDER_PATH}/Alamofire_Synchronous.framework",
			);
			runOnlyForDeploymentPostprocessing = 0;
			shellPath = /bin/sh;
			shellScript = "\"${SRCROOT}/Pods/Target Support Files/Pods-SearchAppUITests/Pods-SearchAppUITests-frameworks.sh\"\n";
			showEnvVarsInLog = 0;
		};
		FA055D1890BE74CB3DFB0AF5 /* [CP] Copy Pods Resources */ = {
			isa = PBXShellScriptBuildPhase;
			buildActionMask = 2147483647;
			files = (
			);
			inputPaths = (
			);
			name = "[CP] Copy Pods Resources";
			outputPaths = (
			);
			runOnlyForDeploymentPostprocessing = 0;
			shellPath = /bin/sh;
			shellScript = "\"${SRCROOT}/Pods/Target Support Files/Pods-SearchAppUITests/Pods-SearchAppUITests-resources.sh\"\n";
			showEnvVarsInLog = 0;
		};
/* End PBXShellScriptBuildPhase section */

/* Begin PBXSourcesBuildPhase section */
		1F461EB620A33A1F003E1747 /* Sources */ = {
			isa = PBXSourcesBuildPhase;
			buildActionMask = 2147483647;
			files = (
				1F461EBF20A33A1F003E1747 /* ViewController.swift in Sources */,
				1F461EBD20A33A1F003E1747 /* AppDelegate.swift in Sources */,
				1F461EC520A33A1F003E1747 /* SearchApp.xcdatamodeld in Sources */,
			);
			runOnlyForDeploymentPostprocessing = 0;
		};
		1F461ED720A33A21003E1747 /* Sources */ = {
			isa = PBXSourcesBuildPhase;
			buildActionMask = 2147483647;
			files = (
				1F461EF120A48968003E1747 /* ATMTests.swift in Sources */,
				1F461EEB20A37B00003E1747 /* TMObserverTests.swift in Sources */,
				1F461EF320A492EE003E1747 /* S3Test.swift in Sources */,
				1F461EEF20A37BFC003E1747 /* Extensions.swift in Sources */,
				1F461EEC20A37BEE003E1747 /* TMObserver.swift in Sources */,
				1F461EED20A37BF6003E1747 /* ATM.swift in Sources */,
				1F461EEE20A37BF9003E1747 /* S3.swift in Sources */,
			);
			runOnlyForDeploymentPostprocessing = 0;
		};
/* End PBXSourcesBuildPhase section */

/* Begin PBXTargetDependency section */
		1F461EDD20A33A21003E1747 /* PBXTargetDependency */ = {
			isa = PBXTargetDependency;
			target = 1F461EB920A33A1F003E1747 /* SearchApp */;
			targetProxy = 1F461EDC20A33A21003E1747 /* PBXContainerItemProxy */;
		};
/* End PBXTargetDependency section */

/* Begin PBXVariantGroup section */
		1F461EC020A33A1F003E1747 /* Main.storyboard */ = {
			isa = PBXVariantGroup;
			children = (
				1F461EC120A33A1F003E1747 /* Base */,
			);
			name = Main.storyboard;
			sourceTree = "<group>";
		};
		1F461EC820A33A21003E1747 /* LaunchScreen.storyboard */ = {
			isa = PBXVariantGroup;
			children = (
				1F461EC920A33A21003E1747 /* Base */,
			);
			name = LaunchScreen.storyboard;
			sourceTree = "<group>";
		};
/* End PBXVariantGroup section */

/* Begin XCBuildConfiguration section */
		1F461EE320A33A21003E1747 /* Debug */ = {
			isa = XCBuildConfiguration;
			buildSettings = {
				ASSETCATALOG_COMPILER_APPICON_NAME = AppIcon;
				CLANG_ENABLE_OBJC_WEAK = YES;
				CLANG_WARN_DEPRECATED_OBJC_IMPLEMENTATIONS = YES;
				CLANG_WARN_OBJC_IMPLICIT_RETAIN_SELF = YES;
				CODE_SIGN_STYLE = Automatic;
				INFOPLIST_FILE = SearchApp/Info.plist;
				IPHONEOS_DEPLOYMENT_TARGET = 11.3;
				LD_RUNPATH_SEARCH_PATHS = "$(inherited) @executable_path/Frameworks";
				PRODUCT_BUNDLE_IDENTIFIER = lc.SearchApp;
				PRODUCT_NAME = "$(TARGET_NAME)";
				SWIFT_VERSION = 4.0;
				TARGETED_DEVICE_FAMILY = "1,2";
			};
			name = Debug;
		};
		1F461EE420A33A21003E1747 /* Release */ = {
			isa = XCBuildConfiguration;
			buildSettings = {
				ASSETCATALOG_COMPILER_APPICON_NAME = AppIcon;
				CLANG_ENABLE_OBJC_WEAK = YES;
				CLANG_WARN_DEPRECATED_OBJC_IMPLEMENTATIONS = YES;
				CLANG_WARN_OBJC_IMPLICIT_RETAIN_SELF = YES;
				CODE_SIGN_STYLE = Automatic;
				INFOPLIST_FILE = SearchApp/Info.plist;
				IPHONEOS_DEPLOYMENT_TARGET = 11.3;
				LD_RUNPATH_SEARCH_PATHS = "$(inherited) @executable_path/Frameworks";
				PRODUCT_BUNDLE_IDENTIFIER = lc.SearchApp;
				PRODUCT_NAME = "$(TARGET_NAME)";
				SWIFT_VERSION = 4.0;
				TARGETED_DEVICE_FAMILY = "1,2";
			};
			name = Release;
		};
		1F461EE920A33A21003E1747 /* Debug */ = {
			isa = XCBuildConfiguration;
			baseConfigurationReference = 8E9574FFF231062BFA4EB29B /* Pods-SearchAppUITests.debug.xcconfig */;
			buildSettings = {
				ALWAYS_EMBED_SWIFT_STANDARD_LIBRARIES = YES;
				CLANG_ENABLE_OBJC_WEAK = YES;
				CLANG_WARN_DEPRECATED_OBJC_IMPLEMENTATIONS = YES;
				CLANG_WARN_OBJC_IMPLICIT_RETAIN_SELF = YES;
				CODE_SIGN_STYLE = Automatic;
				INFOPLIST_FILE = SearchAppUITests/Info.plist;
				IPHONEOS_DEPLOYMENT_TARGET = 11.3;
				LD_RUNPATH_SEARCH_PATHS = "$(inherited) @executable_path/Frameworks @loader_path/Frameworks";
				PRODUCT_BUNDLE_IDENTIFIER = lc.SearchAppUITests;
				PRODUCT_NAME = "$(TARGET_NAME)";
				SWIFT_VERSION = 4.0;
				TARGETED_DEVICE_FAMILY = "1,2";
				TEST_TARGET_NAME = SearchApp;
			};
			name = Debug;
		};
		1F461EEA20A33A21003E1747 /* Release */ = {
			isa = XCBuildConfiguration;
			baseConfigurationReference = B1F0B661811ABBADD36B4347 /* Pods-SearchAppUITests.release.xcconfig */;
			buildSettings = {
				ALWAYS_EMBED_SWIFT_STANDARD_LIBRARIES = YES;
				CLANG_ENABLE_OBJC_WEAK = YES;
				CLANG_WARN_DEPRECATED_OBJC_IMPLEMENTATIONS = YES;
				CLANG_WARN_OBJC_IMPLICIT_RETAIN_SELF = YES;
				CODE_SIGN_STYLE = Automatic;
				INFOPLIST_FILE = SearchAppUITests/Info.plist;
				IPHONEOS_DEPLOYMENT_TARGET = 11.3;
				LD_RUNPATH_SEARCH_PATHS = "$(inherited) @executable_path/Frameworks @loader_path/Frameworks";
				PRODUCT_BUNDLE_IDENTIFIER = lc.SearchAppUITests;
				PRODUCT_NAME = "$(TARGET_NAME)";
				SWIFT_VERSION = 4.0;
				TARGETED_DEVICE_FAMILY = "1,2";
				TEST_TARGET_NAME = SearchApp;
			};
			name = Release;
		};
		1FCF023C2084211B0087FAF4 /* Debug */ = {
			isa = XCBuildConfiguration;
			buildSettings = {
				ALWAYS_SEARCH_USER_PATHS = NO;
				CLANG_ANALYZER_NONNULL = YES;
				CLANG_ANALYZER_NUMBER_OBJECT_CONVERSION = YES_AGGRESSIVE;
				CLANG_CXX_LANGUAGE_STANDARD = "gnu++14";
				CLANG_CXX_LIBRARY = "libc++";
				CLANG_ENABLE_MODULES = YES;
				CLANG_ENABLE_OBJC_ARC = YES;
				CLANG_WARN_BLOCK_CAPTURE_AUTORELEASING = YES;
				CLANG_WARN_BOOL_CONVERSION = YES;
				CLANG_WARN_COMMA = YES;
				CLANG_WARN_CONSTANT_CONVERSION = YES;
				CLANG_WARN_DIRECT_OBJC_ISA_USAGE = YES_ERROR;
				CLANG_WARN_DOCUMENTATION_COMMENTS = YES;
				CLANG_WARN_EMPTY_BODY = YES;
				CLANG_WARN_ENUM_CONVERSION = YES;
				CLANG_WARN_INFINITE_RECURSION = YES;
				CLANG_WARN_INT_CONVERSION = YES;
				CLANG_WARN_NON_LITERAL_NULL_CONVERSION = YES;
				CLANG_WARN_OBJC_LITERAL_CONVERSION = YES;
				CLANG_WARN_OBJC_ROOT_CLASS = YES_ERROR;
				CLANG_WARN_RANGE_LOOP_ANALYSIS = YES;
				CLANG_WARN_STRICT_PROTOTYPES = YES;
				CLANG_WARN_SUSPICIOUS_MOVE = YES;
				CLANG_WARN_UNGUARDED_AVAILABILITY = YES_AGGRESSIVE;
				CLANG_WARN_UNREACHABLE_CODE = YES;
				CLANG_WARN__DUPLICATE_METHOD_MATCH = YES;
				CODE_SIGN_IDENTITY = "iPhone Developer";
				COPY_PHASE_STRIP = NO;
				CURRENT_PROJECT_VERSION = 1;
				DEBUG_INFORMATION_FORMAT = dwarf;
				ENABLE_STRICT_OBJC_MSGSEND = YES;
				ENABLE_TESTABILITY = YES;
				GCC_C_LANGUAGE_STANDARD = gnu11;
				GCC_DYNAMIC_NO_PIC = NO;
				GCC_NO_COMMON_BLOCKS = YES;
				GCC_OPTIMIZATION_LEVEL = 0;
				GCC_PREPROCESSOR_DEFINITIONS = (
					"DEBUG=1",
					"$(inherited)",
				);
				GCC_WARN_64_TO_32_BIT_CONVERSION = YES;
				GCC_WARN_ABOUT_RETURN_TYPE = YES_ERROR;
				GCC_WARN_UNDECLARED_SELECTOR = YES;
				GCC_WARN_UNINITIALIZED_AUTOS = YES_AGGRESSIVE;
				GCC_WARN_UNUSED_FUNCTION = YES;
				GCC_WARN_UNUSED_VARIABLE = YES;
				IPHONEOS_DEPLOYMENT_TARGET = 11.2;
				MTL_ENABLE_DEBUG_INFO = YES;
				ONLY_ACTIVE_ARCH = YES;
				SDKROOT = iphoneos;
				SWIFT_ACTIVE_COMPILATION_CONDITIONS = DEBUG;
				SWIFT_OPTIMIZATION_LEVEL = "-Onone";
				VERSIONING_SYSTEM = "apple-generic";
				VERSION_INFO_PREFIX = "";
			};
			name = Debug;
		};
		1FCF023D2084211B0087FAF4 /* Release */ = {
			isa = XCBuildConfiguration;
			buildSettings = {
				ALWAYS_SEARCH_USER_PATHS = NO;
				CLANG_ANALYZER_NONNULL = YES;
				CLANG_ANALYZER_NUMBER_OBJECT_CONVERSION = YES_AGGRESSIVE;
				CLANG_CXX_LANGUAGE_STANDARD = "gnu++14";
				CLANG_CXX_LIBRARY = "libc++";
				CLANG_ENABLE_MODULES = YES;
				CLANG_ENABLE_OBJC_ARC = YES;
				CLANG_WARN_BLOCK_CAPTURE_AUTORELEASING = YES;
				CLANG_WARN_BOOL_CONVERSION = YES;
				CLANG_WARN_COMMA = YES;
				CLANG_WARN_CONSTANT_CONVERSION = YES;
				CLANG_WARN_DIRECT_OBJC_ISA_USAGE = YES_ERROR;
				CLANG_WARN_DOCUMENTATION_COMMENTS = YES;
				CLANG_WARN_EMPTY_BODY = YES;
				CLANG_WARN_ENUM_CONVERSION = YES;
				CLANG_WARN_INFINITE_RECURSION = YES;
				CLANG_WARN_INT_CONVERSION = YES;
				CLANG_WARN_NON_LITERAL_NULL_CONVERSION = YES;
				CLANG_WARN_OBJC_LITERAL_CONVERSION = YES;
				CLANG_WARN_OBJC_ROOT_CLASS = YES_ERROR;
				CLANG_WARN_RANGE_LOOP_ANALYSIS = YES;
				CLANG_WARN_STRICT_PROTOTYPES = YES;
				CLANG_WARN_SUSPICIOUS_MOVE = YES;
				CLANG_WARN_UNGUARDED_AVAILABILITY = YES_AGGRESSIVE;
				CLANG_WARN_UNREACHABLE_CODE = YES;
				CLANG_WARN__DUPLICATE_METHOD_MATCH = YES;
				CODE_SIGN_IDENTITY = "iPhone Developer";
				COPY_PHASE_STRIP = NO;
				CURRENT_PROJECT_VERSION = 1;
				DEBUG_INFORMATION_FORMAT = "dwarf-with-dsym";
				ENABLE_NS_ASSERTIONS = NO;
				ENABLE_STRICT_OBJC_MSGSEND = YES;
				GCC_C_LANGUAGE_STANDARD = gnu11;
				GCC_NO_COMMON_BLOCKS = YES;
				GCC_WARN_64_TO_32_BIT_CONVERSION = YES;
				GCC_WARN_ABOUT_RETURN_TYPE = YES_ERROR;
				GCC_WARN_UNDECLARED_SELECTOR = YES;
				GCC_WARN_UNINITIALIZED_AUTOS = YES_AGGRESSIVE;
				GCC_WARN_UNUSED_FUNCTION = YES;
				GCC_WARN_UNUSED_VARIABLE = YES;
				IPHONEOS_DEPLOYMENT_TARGET = 11.2;
				MTL_ENABLE_DEBUG_INFO = NO;
				SDKROOT = iphoneos;
				SWIFT_OPTIMIZATION_LEVEL = "-Owholemodule";
				VALIDATE_PRODUCT = YES;
				VERSIONING_SYSTEM = "apple-generic";
				VERSION_INFO_PREFIX = "";
			};
			name = Release;
		};
/* End XCBuildConfiguration section */

/* Begin XCConfigurationList section */
		1F461EE220A33A21003E1747 /* Build configuration list for PBXNativeTarget "SearchApp" */ = {
			isa = XCConfigurationList;
			buildConfigurations = (
				1F461EE320A33A21003E1747 /* Debug */,
				1F461EE420A33A21003E1747 /* Release */,
			);
			defaultConfigurationIsVisible = 0;
			defaultConfigurationName = Release;
		};
		1F461EE820A33A21003E1747 /* Build configuration list for PBXNativeTarget "SearchAppUITests" */ = {
			isa = XCConfigurationList;
			buildConfigurations = (
				1F461EE920A33A21003E1747 /* Debug */,
				1F461EEA20A33A21003E1747 /* Release */,
			);
			defaultConfigurationIsVisible = 0;
			defaultConfigurationName = Release;
		};
		1FCF02302084211B0087FAF4 /* Build configuration list for PBXProject "UITM" */ = {
			isa = XCConfigurationList;
			buildConfigurations = (
				1FCF023C2084211B0087FAF4 /* Debug */,
				1FCF023D2084211B0087FAF4 /* Release */,
			);
			defaultConfigurationIsVisible = 0;
			defaultConfigurationName = Release;
		};
/* End XCConfigurationList section */

/* Begin XCVersionGroup section */
		1F461EC320A33A1F003E1747 /* SearchApp.xcdatamodeld */ = {
			isa = XCVersionGroup;
			children = (
				1F461EC420A33A1F003E1747 /* SearchApp.xcdatamodel */,
			);
			currentVersion = 1F461EC420A33A1F003E1747 /* SearchApp.xcdatamodel */;
			path = SearchApp.xcdatamodeld;
			sourceTree = "<group>";
			versionGroupType = wrapper.xcdatamodel;
		};
/* End XCVersionGroup section */
	};
	rootObject = 1FCF022D2084211B0087FAF4 /* Project object */;
}
